
Microsoft Visual Studio Solution File, Format Version 12.00
# Visual Studio Version 17
VisualStudioVersion = 17.5.002.0
MinimumVisualStudioVersion = 10.0.40219.1
Project("{9A19103F-16F7-4668-BE54-9A1E7A4F7556}") = "DesafioProjetoHospedagem", "DesafioProjetoHospedagem.csproj", "{D32A6F09-8A85-4B32-BB88-4FD01E658E0C}"
EndProject
Global
	GlobalSection(SolutionConfigurationPlatforms) = preSolution
		Debug|Any CPU = Debug|Any CPU
		Release|Any CPU = Release|Any CPU
	EndGlobalSection
	GlobalSection(ProjectConfigurationPlatforms) = postSolution
		{D32A6F09-8A85-4B32-BB88-4FD01E658E0C}.Debug|Any CPU.ActiveCfg = Debug|Any CPU
		{D32A6F09-8A85-4B32-BB88-4FD01E658E0C}.Debug|Any CPU.Build.0 = Debug|Any CPU
		{D32A6F09-8A85-4B32-BB88-4FD01E658E0C}.Release|Any CPU.ActiveCfg = Release|Any CPU
		{D32A6F09-8A85-4B32-BB88-4FD01E658E0C}.Release|Any CPU.Build.0 = Release|Any CPU
	EndGlobalSection
	GlobalSection(SolutionProperties) = preSolution
		HideSolutionNode = FALSE
	EndGlobalSection
	GlobalSection(ExtensibilityGlobals) = postSolution
		SolutionGuid = {152483FE-D77F-453B-9E3A-DE81793F7E82}
	EndGlobalSection
EndGlobal
